{
  "name": "client",
  "version": "1.0.0",
  "lockfileVersion": 1,
  "requires": true,
  "dependencies": {
    "@fontsource/montserrat": {
      "version": "4.3.0",
      "resolved": "https://registry.npmjs.org/@fontsource/montserrat/-/montserrat-4.3.0.tgz",
      "integrity": "sha512-KFJlFfgPtCP1vR9YIUSQbDBhdVadLs9b+STpBjGxWMg5MNzoKVt7IQmf9UEKyxzsXyOQkQI6TqGG38fY0cdkwg=="
    },
    "@fontsource/roboto": {
      "version": "4.3.0",
      "resolved": "https://registry.npmjs.org/@fontsource/roboto/-/roboto-4.3.0.tgz",
      "integrity": "sha512-WeFWCWYutLWyEtRmBhn+bLbW4/km0l+HhTpR8wWDxJLiGiMOhVLO/Z0q5w6l20ZOkWnf6Z1rN3o3W2HjvYN6Rg=="
    }
  }
}
